// !$*UTF8*$!
{
	archiveVersion = 1;
	classes = {
	};
	objectVersion = 55;
	objects = {

/* Begin PBXBuildFile section */
		482AA14E26AFC4C800AAE3DD /* PokeDomain in Frameworks */ = {isa = PBXBuildFile; productRef = 482AA14D26AFC4C800AAE3DD /* PokeDomain */; };
		482AA15226B0FCCE00AAE3DD /* PokeInjection in Frameworks */ = {isa = PBXBuildFile; productRef = 482AA15126B0FCCE00AAE3DD /* PokeInjection */; };
		482AA15726B101F100AAE3DD /* AppDependencyProvider.swift in Sources */ = {isa = PBXBuildFile; fileRef = 482AA15626B101F100AAE3DD /* AppDependencyProvider.swift */; };
		482AB73826A3B9F9004EA115 /* PokeApp.swift in Sources */ = {isa = PBXBuildFile; fileRef = 482AB73726A3B9F9004EA115 /* PokeApp.swift */; };
		482AB73A26A3B9F9004EA115 /* ContentView.swift in Sources */ = {isa = PBXBuildFile; fileRef = 482AB73926A3B9F9004EA115 /* ContentView.swift */; };
		482AB73C26A3B9FA004EA115 /* Assets.xcassets in Resources */ = {isa = PBXBuildFile; fileRef = 482AB73B26A3B9FA004EA115 /* Assets.xcassets */; };
		482AB73F26A3B9FA004EA115 /* Preview Assets.xcassets in Resources */ = {isa = PBXBuildFile; fileRef = 482AB73E26A3B9FA004EA115 /* Preview Assets.xcassets */; };
		48BA87C626A3BE8000401B9B /* PokeModels in Frameworks */ = {isa = PBXBuildFile; productRef = 48BA87C526A3BE8000401B9B /* PokeModels */; };
		48BA87C826A3BE8000401B9B /* PokeServices in Frameworks */ = {isa = PBXBuildFile; productRef = 48BA87C726A3BE8000401B9B /* PokeServices */; };
		48BA87CE26A77D0B00401B9B /* PokeArch in Frameworks */ = {isa = PBXBuildFile; productRef = 48BA87CD26A77D0B00401B9B /* PokeArch */; };
		48BA87D426A8B66900401B9B /* OnboardingView.swift in Sources */ = {isa = PBXBuildFile; fileRef = 48BA87D326A8B66900401B9B /* OnboardingView.swift */; };
		48BA87D626A8B67100401B9B /* IntroPageView.swift in Sources */ = {isa = PBXBuildFile; fileRef = 48BA87D526A8B67100401B9B /* IntroPageView.swift */; };
		48BA87D826A8B67B00401B9B /* FeaturesPageView.swift in Sources */ = {isa = PBXBuildFile; fileRef = 48BA87D726A8B67B00401B9B /* FeaturesPageView.swift */; };
		48BA87DB26A8B95900401B9B /* AppViewModel.swift in Sources */ = {isa = PBXBuildFile; fileRef = 48BA87DA26A8B95900401B9B /* AppViewModel.swift */; };
		48BA87E526A8D0E100401B9B /* PokeListView.swift in Sources */ = {isa = PBXBuildFile; fileRef = 48BA87E426A8D0E100401B9B /* PokeListView.swift */; };
		48BA87E726A8D2B100401B9B /* PokeListViewModel.swift in Sources */ = {isa = PBXBuildFile; fileRef = 48BA87E626A8D2B100401B9B /* PokeListViewModel.swift */; };
		48BA87F026A9F91500401B9B /* PokeListItemView.swift in Sources */ = {isa = PBXBuildFile; fileRef = 48BA87EF26A9F91500401B9B /* PokeListItemView.swift */; };
		48BA87F326AA0C8C00401B9B /* PokeDetailView.swift in Sources */ = {isa = PBXBuildFile; fileRef = 48BA87F226AA0C8C00401B9B /* PokeDetailView.swift */; };
		48BA87F626AA4F8D00401B9B /* PokeFavoritesView.swift in Sources */ = {isa = PBXBuildFile; fileRef = 48BA87F526AA4F8D00401B9B /* PokeFavoritesView.swift */; };
		48BA880026AA569100401B9B /* PokeListItemViewModel.swift in Sources */ = {isa = PBXBuildFile; fileRef = 48BA87FF26AA569100401B9B /* PokeListItemViewModel.swift */; };
		48BA880E26AA6DE800401B9B /* PokeFavoritesViewModel.swift in Sources */ = {isa = PBXBuildFile; fileRef = 48BA880D26AA6DE800401B9B /* PokeFavoritesViewModel.swift */; };
/* End PBXBuildFile section */

/* Begin PBXFileReference section */
		482AA14C26AFC44900AAE3DD /* PokeDomain */ = {isa = PBXFileReference; lastKnownFileType = folder; path = PokeDomain; sourceTree = "<group>"; };
		482AA15026B0F7DE00AAE3DD /* PokeInjection */ = {isa = PBXFileReference; lastKnownFileType = folder; path = PokeInjection; sourceTree = "<group>"; };
		482AA15626B101F100AAE3DD /* AppDependencyProvider.swift */ = {isa = PBXFileReference; lastKnownFileType = sourcecode.swift; path = AppDependencyProvider.swift; sourceTree = "<group>"; };
		482AB73426A3B9F9004EA115 /* Poke.app */ = {isa = PBXFileReference; explicitFileType = wrapper.application; includeInIndex = 0; path = Poke.app; sourceTree = BUILT_PRODUCTS_DIR; };
		482AB73726A3B9F9004EA115 /* PokeApp.swift */ = {isa = PBXFileReference; lastKnownFileType = sourcecode.swift; path = PokeApp.swift; sourceTree = "<group>"; };
		482AB73926A3B9F9004EA115 /* ContentView.swift */ = {isa = PBXFileReference; lastKnownFileType = sourcecode.swift; path = ContentView.swift; sourceTree = "<group>"; };
		482AB73B26A3B9FA004EA115 /* Assets.xcassets */ = {isa = PBXFileReference; lastKnownFileType = folder.assetcatalog; path = Assets.xcassets; sourceTree = "<group>"; };
		482AB73E26A3B9FA004EA115 /* Preview Assets.xcassets */ = {isa = PBXFileReference; lastKnownFileType = folder.assetcatalog; path = "Preview Assets.xcassets"; sourceTree = "<group>"; };
		48BA87BF26A3BDEB00401B9B /* PokeModels */ = {isa = PBXFileReference; lastKnownFileType = folder; path = PokeModels; sourceTree = "<group>"; };
		48BA87C026A3BE0D00401B9B /* PokeServices */ = {isa = PBXFileReference; lastKnownFileType = folder; path = PokeServices; sourceTree = "<group>"; };
		48BA87CC26A3BF2C00401B9B /* PokeArch */ = {isa = PBXFileReference; lastKnownFileType = folder; path = PokeArch; sourceTree = "<group>"; };
		48BA87D326A8B66900401B9B /* OnboardingView.swift */ = {isa = PBXFileReference; lastKnownFileType = sourcecode.swift; path = OnboardingView.swift; sourceTree = "<group>"; };
		48BA87D526A8B67100401B9B /* IntroPageView.swift */ = {isa = PBXFileReference; lastKnownFileType = sourcecode.swift; path = IntroPageView.swift; sourceTree = "<group>"; };
		48BA87D726A8B67B00401B9B /* FeaturesPageView.swift */ = {isa = PBXFileReference; lastKnownFileType = sourcecode.swift; path = FeaturesPageView.swift; sourceTree = "<group>"; };
		48BA87DA26A8B95900401B9B /* AppViewModel.swift */ = {isa = PBXFileReference; lastKnownFileType = sourcecode.swift; path = AppViewModel.swift; sourceTree = "<group>"; };
		48BA87E426A8D0E100401B9B /* PokeListView.swift */ = {isa = PBXFileReference; lastKnownFileType = sourcecode.swift; path = PokeListView.swift; sourceTree = "<group>"; };
		48BA87E626A8D2B100401B9B /* PokeListViewModel.swift */ = {isa = PBXFileReference; lastKnownFileType = sourcecode.swift; path = PokeListViewModel.swift; sourceTree = "<group>"; };
		48BA87EF26A9F91500401B9B /* PokeListItemView.swift */ = {isa = PBXFileReference; lastKnownFileType = sourcecode.swift; path = PokeListItemView.swift; sourceTree = "<group>"; };
		48BA87F226AA0C8C00401B9B /* PokeDetailView.swift */ = {isa = PBXFileReference; lastKnownFileType = sourcecode.swift; path = PokeDetailView.swift; sourceTree = "<group>"; };
		48BA87F526AA4F8D00401B9B /* PokeFavoritesView.swift */ = {isa = PBXFileReference; lastKnownFileType = sourcecode.swift; path = PokeFavoritesView.swift; sourceTree = "<group>"; };
		48BA87FF26AA569100401B9B /* PokeListItemViewModel.swift */ = {isa = PBXFileReference; lastKnownFileType = sourcecode.swift; path = PokeListItemViewModel.swift; sourceTree = "<group>"; };
		48BA880D26AA6DE800401B9B /* PokeFavoritesViewModel.swift */ = {isa = PBXFileReference; lastKnownFileType = sourcecode.swift; path = PokeFavoritesViewModel.swift; sourceTree = "<group>"; };
/* End PBXFileReference section */

/* Begin PBXFrameworksBuildPhase section */
		482AB73126A3B9F9004EA115 /* Frameworks */ = {
			isa = PBXFrameworksBuildPhase;
			buildActionMask = 2147483647;
			files = (
				482AA15226B0FCCE00AAE3DD /* PokeInjection in Frameworks */,
				48BA87C626A3BE8000401B9B /* PokeModels in Frameworks */,
				482AA14E26AFC4C800AAE3DD /* PokeDomain in Frameworks */,
				48BA87CE26A77D0B00401B9B /* PokeArch in Frameworks */,
				48BA87C826A3BE8000401B9B /* PokeServices in Frameworks */,
			);
			runOnlyForDeploymentPostprocessing = 0;
		};
/* End PBXFrameworksBuildPhase section */

/* Begin PBXGroup section */
		482AA15326B0FF7800AAE3DD /* App */ = {
			isa = PBXGroup;
			children = (
				482AA15526B101E300AAE3DD /* Dependencies */,
				482AB73726A3B9F9004EA115 /* PokeApp.swift */,
				482AA15426B0FF7D00AAE3DD /* ViewModels */,
			);
			path = App;
			sourceTree = "<group>";
		};
		482AA15426B0FF7D00AAE3DD /* ViewModels */ = {
			isa = PBXGroup;
			children = (
				48BA87DA26A8B95900401B9B /* AppViewModel.swift */,
			);
			path = ViewModels;
			sourceTree = "<group>";
		};
		482AA15526B101E300AAE3DD /* Dependencies */ = {
			isa = PBXGroup;
			children = (
				482AA15626B101F100AAE3DD /* AppDependencyProvider.swift */,
			);
			path = Dependencies;
			sourceTree = "<group>";
		};
		482AB72B26A3B9F9004EA115 = {
			isa = PBXGroup;
			children = (
				482AA15026B0F7DE00AAE3DD /* PokeInjection */,
				482AA14C26AFC44900AAE3DD /* PokeDomain */,
				48BA87CC26A3BF2C00401B9B /* PokeArch */,
				48BA87C026A3BE0D00401B9B /* PokeServices */,
				48BA87BF26A3BDEB00401B9B /* PokeModels */,
				482AB73626A3B9F9004EA115 /* Poke */,
				482AB73526A3B9F9004EA115 /* Products */,
				48BA87C426A3BE8000401B9B /* Frameworks */,
			);
			sourceTree = "<group>";
		};
		482AB73526A3B9F9004EA115 /* Products */ = {
			isa = PBXGroup;
			children = (
				482AB73426A3B9F9004EA115 /* Poke.app */,
			);
			name = Products;
			sourceTree = "<group>";
		};
		482AB73626A3B9F9004EA115 /* Poke */ = {
			isa = PBXGroup;
			children = (
				482AA15326B0FF7800AAE3DD /* App */,
				48BA87F426AA4F7F00401B9B /* PokeFavorites */,
				48BA87F126AA0C7400401B9B /* PokeDetail */,
				48BA87E326A8D0C700401B9B /* PokeList */,
				48BA87CF26A8B2E200401B9B /* Onboarding */,
				482AB73926A3B9F9004EA115 /* ContentView.swift */,
				482AB73B26A3B9FA004EA115 /* Assets.xcassets */,
				482AB73D26A3B9FA004EA115 /* Preview Content */,
			);
			path = Poke;
			sourceTree = "<group>";
		};
		482AB73D26A3B9FA004EA115 /* Preview Content */ = {
			isa = PBXGroup;
			children = (
				482AB73E26A3B9FA004EA115 /* Preview Assets.xcassets */,
			);
			path = "Preview Content";
			sourceTree = "<group>";
		};
		48BA87C426A3BE8000401B9B /* Frameworks */ = {
			isa = PBXGroup;
			children = (
			);
			name = Frameworks;
			sourceTree = "<group>";
		};
		48BA87CF26A8B2E200401B9B /* Onboarding */ = {
			isa = PBXGroup;
			children = (
				48BA87D926A8B94600401B9B /* ViewModels */,
				48BA87D026A8B35A00401B9B /* Pages */,
				48BA87D326A8B66900401B9B /* OnboardingView.swift */,
			);
			path = Onboarding;
			sourceTree = "<group>";
		};
		48BA87D026A8B35A00401B9B /* Pages */ = {
			isa = PBXGroup;
			children = (
				48BA87D526A8B67100401B9B /* IntroPageView.swift */,
				48BA87D726A8B67B00401B9B /* FeaturesPageView.swift */,
			);
			path = Pages;
			sourceTree = "<group>";
		};
		48BA87D926A8B94600401B9B /* ViewModels */ = {
			isa = PBXGroup;
			children = (
			);
			path = ViewModels;
			sourceTree = "<group>";
		};
		48BA87E326A8D0C700401B9B /* PokeList */ = {
			isa = PBXGroup;
			children = (
				48BA87EE26A9F8E000401B9B /* Items */,
				48BA87E426A8D0E100401B9B /* PokeListView.swift */,
				48BA87E626A8D2B100401B9B /* PokeListViewModel.swift */,
			);
			path = PokeList;
			sourceTree = "<group>";
		};
		48BA87EE26A9F8E000401B9B /* Items */ = {
			isa = PBXGroup;
			children = (
				48BA87EF26A9F91500401B9B /* PokeListItemView.swift */,
				48BA87FF26AA569100401B9B /* PokeListItemViewModel.swift */,
			);
			path = Items;
			sourceTree = "<group>";
		};
		48BA87F126AA0C7400401B9B /* PokeDetail */ = {
			isa = PBXGroup;
			children = (
				48BA87F226AA0C8C00401B9B /* PokeDetailView.swift */,
			);
			path = PokeDetail;
			sourceTree = "<group>";
		};
		48BA87F426AA4F7F00401B9B /* PokeFavorites */ = {
			isa = PBXGroup;
			children = (
				48BA87F526AA4F8D00401B9B /* PokeFavoritesView.swift */,
				48BA880D26AA6DE800401B9B /* PokeFavoritesViewModel.swift */,
			);
			path = PokeFavorites;
			sourceTree = "<group>";
		};
/* End PBXGroup section */

/* Begin PBXNativeTarget section */
		482AB73326A3B9F9004EA115 /* Poke */ = {
			isa = PBXNativeTarget;
			buildConfigurationList = 482AB74226A3B9FA004EA115 /* Build configuration list for PBXNativeTarget "Poke" */;
			buildPhases = (
				482AB73026A3B9F9004EA115 /* Sources */,
				482AB73126A3B9F9004EA115 /* Frameworks */,
				482AB73226A3B9F9004EA115 /* Resources */,
			);
			buildRules = (
			);
			dependencies = (
			);
			name = Poke;
			packageProductDependencies = (
				48BA87C526A3BE8000401B9B /* PokeModels */,
				48BA87C726A3BE8000401B9B /* PokeServices */,
				48BA87CD26A77D0B00401B9B /* PokeArch */,
				482AA14D26AFC4C800AAE3DD /* PokeDomain */,
				482AA15126B0FCCE00AAE3DD /* PokeInjection */,
			);
			productName = Poke;
			productReference = 482AB73426A3B9F9004EA115 /* Poke.app */;
			productType = "com.apple.product-type.application";
		};
/* End PBXNativeTarget section */

/* Begin PBXProject section */
		482AB72C26A3B9F9004EA115 /* Project object */ = {
			isa = PBXProject;
			attributes = {
				BuildIndependentTargetsInParallel = 1;
				LastSwiftUpdateCheck = 1300;
				LastUpgradeCheck = 1300;
				TargetAttributes = {
					482AB73326A3B9F9004EA115 = {
						CreatedOnToolsVersion = 13.0;
					};
				};
			};
			buildConfigurationList = 482AB72F26A3B9F9004EA115 /* Build configuration list for PBXProject "Poke" */;
			compatibilityVersion = "Xcode 13.0";
			developmentRegion = en;
			hasScannedForEncodings = 0;
			knownRegions = (
				en,
				Base,
			);
			mainGroup = 482AB72B26A3B9F9004EA115;
			productRefGroup = 482AB73526A3B9F9004EA115 /* Products */;
			projectDirPath = "";
			projectRoot = "";
			targets = (
				482AB73326A3B9F9004EA115 /* Poke */,
			);
		};
/* End PBXProject section */

/* Begin PBXResourcesBuildPhase section */
		482AB73226A3B9F9004EA115 /* Resources */ = {
			isa = PBXResourcesBuildPhase;
			buildActionMask = 2147483647;
			files = (
				482AB73F26A3B9FA004EA115 /* Preview Assets.xcassets in Resources */,
				482AB73C26A3B9FA004EA115 /* Assets.xcassets in Resources */,
			);
			runOnlyForDeploymentPostprocessing = 0;
		};
/* End PBXResourcesBuildPhase section */

/* Begin PBXSourcesBuildPhase section */
		482AB73026A3B9F9004EA115 /* Sources */ = {
			isa = PBXSourcesBuildPhase;
			buildActionMask = 2147483647;
			files = (
				48BA87D426A8B66900401B9B /* OnboardingView.swift in Sources */,
				48BA880026AA569100401B9B /* PokeListItemViewModel.swift in Sources */,
				48BA87DB26A8B95900401B9B /* AppViewModel.swift in Sources */,
				482AB73A26A3B9F9004EA115 /* ContentView.swift in Sources */,
				48BA87D626A8B67100401B9B /* IntroPageView.swift in Sources */,
				482AA15726B101F100AAE3DD /* AppDependencyProvider.swift in Sources */,
				48BA87E526A8D0E100401B9B /* PokeListView.swift in Sources */,
				48BA87F626AA4F8D00401B9B /* PokeFavoritesView.swift in Sources */,
				48BA880E26AA6DE800401B9B /* PokeFavoritesViewModel.swift in Sources */,
				482AB73826A3B9F9004EA115 /* PokeApp.swift in Sources */,
				48BA87F026A9F91500401B9B /* PokeListItemView.swift in Sources */,
				48BA87D826A8B67B00401B9B /* FeaturesPageView.swift in Sources */,
				48BA87F326AA0C8C00401B9B /* PokeDetailView.swift in Sources */,
				48BA87E726A8D2B100401B9B /* PokeListViewModel.swift in Sources */,
			);
			runOnlyForDeploymentPostprocessing = 0;
		};
/* End PBXSourcesBuildPhase section */

/* Begin XCBuildConfiguration section */
		482AB74026A3B9FA004EA115 /* Debug */ = {
			isa = XCBuildConfiguration;
			buildSettings = {
				ALWAYS_SEARCH_USER_PATHS = NO;
				CLANG_ANALYZER_NONNULL = YES;
				CLANG_ANALYZER_NUMBER_OBJECT_CONVERSION = YES_AGGRESSIVE;
				CLANG_CXX_LANGUAGE_STANDARD = "gnu++14";
				CLANG_CXX_LIBRARY = "libc++";
				CLANG_ENABLE_MODULES = YES;
				CLANG_ENABLE_OBJC_ARC = YES;
				CLANG_ENABLE_OBJC_WEAK = YES;
				CLANG_WARN_BLOCK_CAPTURE_AUTORELEASING = YES;
				CLANG_WARN_BOOL_CONVERSION = YES;
				CLANG_WARN_COMMA = YES;
				CLANG_WARN_CONSTANT_CONVERSION = YES;
				CLANG_WARN_DEPRECATED_OBJC_IMPLEMENTATIONS = YES;
				CLANG_WARN_DIRECT_OBJC_ISA_USAGE = YES_ERROR;
				CLANG_WARN_DOCUMENTATION_COMMENTS = YES;
				CLANG_WARN_EMPTY_BODY = YES;
				CLANG_WARN_ENUM_CONVERSION = YES;
				CLANG_WARN_INFINITE_RECURSION = YES;
				CLANG_WARN_INT_CONVERSION = YES;
				CLANG_WARN_NON_LITERAL_NULL_CONVERSION = YES;
				CLANG_WARN_OBJC_IMPLICIT_RETAIN_SELF = YES;
				CLANG_WARN_OBJC_LITERAL_CONVERSION = YES;
				CLANG_WARN_OBJC_ROOT_CLASS = YES_ERROR;
				CLANG_WARN_QUOTED_INCLUDE_IN_FRAMEWORK_HEADER = YES;
				CLANG_WARN_RANGE_LOOP_ANALYSIS = YES;
				CLANG_WARN_STRICT_PROTOTYPES = YES;
				CLANG_WARN_SUSPICIOUS_MOVE = YES;
				CLANG_WARN_UNGUARDED_AVAILABILITY = YES_AGGRESSIVE;
				CLANG_WARN_UNREACHABLE_CODE = YES;
				CLANG_WARN__DUPLICATE_METHOD_MATCH = YES;
				COPY_PHASE_STRIP = NO;
				DEBUG_INFORMATION_FORMAT = dwarf;
				ENABLE_STRICT_OBJC_MSGSEND = YES;
				ENABLE_TESTABILITY = YES;
				GCC_C_LANGUAGE_STANDARD = gnu11;
				GCC_DYNAMIC_NO_PIC = NO;
				GCC_NO_COMMON_BLOCKS = YES;
				GCC_OPTIMIZATION_LEVEL = 0;
				GCC_PREPROCESSOR_DEFINITIONS = (
					"DEBUG=1",
					"$(inherited)",
				);
				GCC_WARN_64_TO_32_BIT_CONVERSION = YES;
				GCC_WARN_ABOUT_RETURN_TYPE = YES_ERROR;
				GCC_WARN_UNDECLARED_SELECTOR = YES;
				GCC_WARN_UNINITIALIZED_AUTOS = YES_AGGRESSIVE;
				GCC_WARN_UNUSED_FUNCTION = YES;
				GCC_WARN_UNUSED_VARIABLE = YES;
				IPHONEOS_DEPLOYMENT_TARGET = 15.0;
				MTL_ENABLE_DEBUG_INFO = INCLUDE_SOURCE;
				MTL_FAST_MATH = YES;
				ONLY_ACTIVE_ARCH = YES;
				SDKROOT = iphoneos;
				SWIFT_ACTIVE_COMPILATION_CONDITIONS = DEBUG;
				SWIFT_OPTIMIZATION_LEVEL = "-Onone";
			};
			name = Debug;
		};
		482AB74126A3B9FA004EA115 /* Release */ = {
			isa = XCBuildConfiguration;
			buildSettings = {
				ALWAYS_SEARCH_USER_PATHS = NO;
				CLANG_ANALYZER_NONNULL = YES;
				CLANG_ANALYZER_NUMBER_OBJECT_CONVERSION = YES_AGGRESSIVE;
				CLANG_CXX_LANGUAGE_STANDARD = "gnu++14";
				CLANG_CXX_LIBRARY = "libc++";
				CLANG_ENABLE_MODULES = YES;
				CLANG_ENABLE_OBJC_ARC = YES;
				CLANG_ENABLE_OBJC_WEAK = YES;
				CLANG_WARN_BLOCK_CAPTURE_AUTORELEASING = YES;
				CLANG_WARN_BOOL_CONVERSION = YES;
				CLANG_WARN_COMMA = YES;
				CLANG_WARN_CONSTANT_CONVERSION = YES;
				CLANG_WARN_DEPRECATED_OBJC_IMPLEMENTATIONS = YES;
				CLANG_WARN_DIRECT_OBJC_ISA_USAGE = YES_ERROR;
				CLANG_WARN_DOCUMENTATION_COMMENTS = YES;
				CLANG_WARN_EMPTY_BODY = YES;
				CLANG_WARN_ENUM_CONVERSION = YES;
				CLANG_WARN_INFINITE_RECURSION = YES;
				CLANG_WARN_INT_CONVERSION = YES;
				CLANG_WARN_NON_LITERAL_NULL_CONVERSION = YES;
				CLANG_WARN_OBJC_IMPLICIT_RETAIN_SELF = YES;
				CLANG_WARN_OBJC_LITERAL_CONVERSION = YES;
				CLANG_WARN_OBJC_ROOT_CLASS = YES_ERROR;
				CLANG_WARN_QUOTED_INCLUDE_IN_FRAMEWORK_HEADER = YES;
				CLANG_WARN_RANGE_LOOP_ANALYSIS = YES;
				CLANG_WARN_STRICT_PROTOTYPES = YES;
				CLANG_WARN_SUSPICIOUS_MOVE = YES;
				CLANG_WARN_UNGUARDED_AVAILABILITY = YES_AGGRESSIVE;
				CLANG_WARN_UNREACHABLE_CODE = YES;
				CLANG_WARN__DUPLICATE_METHOD_MATCH = YES;
				COPY_PHASE_STRIP = NO;
				DEBUG_INFORMATION_FORMAT = "dwarf-with-dsym";
				ENABLE_NS_ASSERTIONS = NO;
				ENABLE_STRICT_OBJC_MSGSEND = YES;
				GCC_C_LANGUAGE_STANDARD = gnu11;
				GCC_NO_COMMON_BLOCKS = YES;
				GCC_WARN_64_TO_32_BIT_CONVERSION = YES;
				GCC_WARN_ABOUT_RETURN_TYPE = YES_ERROR;
				GCC_WARN_UNDECLARED_SELECTOR = YES;
				GCC_WARN_UNINITIALIZED_AUTOS = YES_AGGRESSIVE;
				GCC_WARN_UNUSED_FUNCTION = YES;
				GCC_WARN_UNUSED_VARIABLE = YES;
				IPHONEOS_DEPLOYMENT_TARGET = 15.0;
				MTL_ENABLE_DEBUG_INFO = NO;
				MTL_FAST_MATH = YES;
				SDKROOT = iphoneos;
				SWIFT_COMPILATION_MODE = wholemodule;
				SWIFT_OPTIMIZATION_LEVEL = "-O";
				VALIDATE_PRODUCT = YES;
			};
			name = Release;
		};
		482AB74326A3B9FA004EA115 /* Debug */ = {
			isa = XCBuildConfiguration;
			buildSettings = {
				ASSETCATALOG_COMPILER_APPICON_NAME = AppIcon;
				ASSETCATALOG_COMPILER_GLOBAL_ACCENT_COLOR_NAME = AccentColor;
				CODE_SIGN_STYLE = Automatic;
				CURRENT_PROJECT_VERSION = 1;
				DEVELOPMENT_ASSET_PATHS = "\"Poke/Preview Content\"";
				DEVELOPMENT_TEAM = 66H7PAJH7N;
				ENABLE_PREVIEWS = YES;
				GENERATE_INFOPLIST_FILE = YES;
				INFOPLIST_KEY_UIApplicationSceneManifest_Generation = YES;
				INFOPLIST_KEY_UIApplicationSupportsIndirectInputEvents = YES;
				INFOPLIST_KEY_UILaunchScreen_Generation = YES;
				INFOPLIST_KEY_UISupportedInterfaceOrientations_iPad = "UIInterfaceOrientationPortrait UIInterfaceOrientationPortraitUpsideDown UIInterfaceOrientationLandscapeLeft UIInterfaceOrientationLandscapeRight";
				INFOPLIST_KEY_UISupportedInterfaceOrientations_iPhone = "UIInterfaceOrientationPortrait UIInterfaceOrientationLandscapeLeft UIInterfaceOrientationLandscapeRight";
				IPHONEOS_DEPLOYMENT_TARGET = 15.0;
				LD_RUNPATH_SEARCH_PATHS = (
					"$(inherited)",
					"@executable_path/Frameworks",
				);
				MARKETING_VERSION = 1.0;
				PRODUCT_BUNDLE_IDENTIFIER = com.dylansvm.architecture.Poke;
				PRODUCT_NAME = "$(TARGET_NAME)";
				SWIFT_EMIT_LOC_STRINGS = YES;
				SWIFT_VERSION = 5.0;
				TARGETED_DEVICE_FAMILY = 1;
			};
			name = Debug;
		};
		482AB74426A3B9FA004EA115 /* Release */ = {
			isa = XCBuildConfiguration;
			buildSettings = {
				ASSETCATALOG_COMPILER_APPICON_NAME = AppIcon;
				ASSETCATALOG_COMPILER_GLOBAL_ACCENT_COLOR_NAME = AccentColor;
				CODE_SIGN_STYLE = Automatic;
				CURRENT_PROJECT_VERSION = 1;
				DEVELOPMENT_ASSET_PATHS = "\"Poke/Preview Content\"";
				DEVELOPMENT_TEAM = 66H7PAJH7N;
				ENABLE_PREVIEWS = YES;
				GENERATE_INFOPLIST_FILE = YES;
				INFOPLIST_KEY_UIApplicationSceneManifest_Generation = YES;
				INFOPLIST_KEY_UIApplicationSupportsIndirectInputEvents = YES;
				INFOPLIST_KEY_UILaunchScreen_Generation = YES;
				INFOPLIST_KEY_UISupportedInterfaceOrientations_iPad = "UIInterfaceOrientationPortrait UIInterfaceOrientationPortraitUpsideDown UIInterfaceOrientationLandscapeLeft UIInterfaceOrientationLandscapeRight";
				INFOPLIST_KEY_UISupportedInterfaceOrientations_iPhone = "UIInterfaceOrientationPortrait UIInterfaceOrientationLandscapeLeft UIInterfaceOrientationLandscapeRight";
				IPHONEOS_DEPLOYMENT_TARGET = 15.0;
				LD_RUNPATH_SEARCH_PATHS = (
					"$(inherited)",
					"@executable_path/Frameworks",
				);
				MARKETING_VERSION = 1.0;
				PRODUCT_BUNDLE_IDENTIFIER = com.dylansvm.architecture.Poke;
				PRODUCT_NAME = "$(TARGET_NAME)";
				SWIFT_EMIT_LOC_STRINGS = YES;
				SWIFT_VERSION = 5.0;
				TARGETED_DEVICE_FAMILY = 1;
			};
			name = Release;
		};
/* End XCBuildConfiguration section */

/* Begin XCConfigurationList section */
		482AB72F26A3B9F9004EA115 /* Build configuration list for PBXProject "Poke" */ = {
			isa = XCConfigurationList;
			buildConfigurations = (
				482AB74026A3B9FA004EA115 /* Debug */,
				482AB74126A3B9FA004EA115 /* Release */,
			);
			defaultConfigurationIsVisible = 0;
			defaultConfigurationName = Release;
		};
		482AB74226A3B9FA004EA115 /* Build configuration list for PBXNativeTarget "Poke" */ = {
			isa = XCConfigurationList;
			buildConfigurations = (
				482AB74326A3B9FA004EA115 /* Debug */,
				482AB74426A3B9FA004EA115 /* Release */,
			);
			defaultConfigurationIsVisible = 0;
			defaultConfigurationName = Release;
		};
/* End XCConfigurationList section */

/* Begin XCSwiftPackageProductDependency section */
		482AA14D26AFC4C800AAE3DD /* PokeDomain */ = {
			isa = XCSwiftPackageProductDependency;
			productName = PokeDomain;
		};
		482AA15126B0FCCE00AAE3DD /* PokeInjection */ = {
			isa = XCSwiftPackageProductDependency;
			productName = PokeInjection;
		};
		48BA87C526A3BE8000401B9B /* PokeModels */ = {
			isa = XCSwiftPackageProductDependency;
			productName = PokeModels;
		};
		48BA87C726A3BE8000401B9B /* PokeServices */ = {
			isa = XCSwiftPackageProductDependency;
			productName = PokeServices;
		};
		48BA87CD26A77D0B00401B9B /* PokeArch */ = {
			isa = XCSwiftPackageProductDependency;
			productName = PokeArch;
		};
/* End XCSwiftPackageProductDependency section */
	};
	rootObject = 482AB72C26A3B9F9004EA115 /* Project object */;
}
